
Microsoft Visual Studio Solution File, Format Version 12.00
# Visual Studio Version 16
VisualStudioVersion = 16.0.30104.148
MinimumVisualStudioVersion = 10.0.40219.1
Project("{FAE04EC0-301F-11D3-BF4B-00C04F79EFBC}") = "Экзамен", "Экзамен\Экзамен.csproj", "{40E19E45-772C-4D6C-8030-6C07BD4044BE}"
EndProject
Global
	GlobalSection(SolutionConfigurationPlatforms) = preSolution
		Debug|Any CPU = Debug|Any CPU
		Release|Any CPU = Release|Any CPU
	EndGlobalSection
	GlobalSection(ProjectConfigurationPlatforms) = postSolution
		{40E19E45-772C-4D6C-8030-6C07BD4044BE}.Debug|Any CPU.ActiveCfg = Debug|Any CPU
		{40E19E45-772C-4D6C-8030-6C07BD4044BE}.Debug|Any CPU.Build.0 = Debug|Any CPU
		{40E19E45-772C-4D6C-8030-6C07BD4044BE}.Release|Any CPU.ActiveCfg = Release|Any CPU
		{40E19E45-772C-4D6C-8030-6C07BD4044BE}.Release|Any CPU.Build.0 = Release|Any CPU
	EndGlobalSection
	GlobalSection(SolutionProperties) = preSolution
		HideSolutionNode = FALSE
	EndGlobalSection
	GlobalSection(ExtensibilityGlobals) = postSolution
		SolutionGuid = {8D2AE8D0-86D6-485A-AC88-8279C7234C55}
	EndGlobalSection
EndGlobal
